
Microsoft Visual Studio Solution File, Format Version 12.00
# Visual Studio Version 16
VisualStudioVersion = 16.0.30002.166
MinimumVisualStudioVersion = 10.0.40219.1
Project("{9A19103F-16F7-4668-BE54-9A1E7A4F7556}") = "ConsoleAppKataNode", "ConsoleAppKataNode\ConsoleAppKataNode.csproj", "{D1B4491D-26DE-4398-A370-E32CC4B71A12}"
EndProject
Project("{9A19103F-16F7-4668-BE54-9A1E7A4F7556}") = "ConsoleAppObjContains", "ConsoleAppObjContains\ConsoleAppObjContains.csproj", "{F8F2C212-0FAE-450C-A03A-BEBCB2695EA9}"
EndProject
Project("{9A19103F-16F7-4668-BE54-9A1E7A4F7556}") = "ConsoleAppSquare", "ConsoleAppSquare\ConsoleAppSquare.csproj", "{58E9C753-A4C0-4D79-82B3-6CFCD93A49DE}"
EndProject
Project("{9A19103F-16F7-4668-BE54-9A1E7A4F7556}") = "ConsoleAppTowerBuilder", "ConsoleAppTowerBuilder\ConsoleAppTowerBuilder.csproj", "{0F228F59-F9EC-4D28-942E-2841D1488248}"
EndProject
Project("{9A19103F-16F7-4668-BE54-9A1E7A4F7556}") = "ConsoleAppSurfaceBlock", "ConsoleAppSurfaceBlock\ConsoleAppSurfaceBlock.csproj", "{4FFD4E65-3399-4E95-B4B5-30FDC21A5D99}"
EndProject
Project("{9A19103F-16F7-4668-BE54-9A1E7A4F7556}") = "ConsoleAppSimplePigLatin", "ConsoleAppSimplePigLatin\ConsoleAppSimplePigLatin.csproj", "{6651719D-67C9-4D46-A396-45E6B3317FE5}"
EndProject
Project("{9A19103F-16F7-4668-BE54-9A1E7A4F7556}") = "UnitTestProjectKataTest", "UnitTestProjectKataTest\UnitTestProjectKataTest.csproj", "{821CE0DF-A8FC-4361-AB1E-E33460BC267C}"
EndProject
Project("{9A19103F-16F7-4668-BE54-9A1E7A4F7556}") = "ConsoleAppSumArray", "ConsoleAppSumArray\ConsoleAppSumArray.csproj", "{245B0D0C-D8C0-4008-9568-83639013EDA1}"
EndProject
Project("{9A19103F-16F7-4668-BE54-9A1E7A4F7556}") = "ConsoleAppisPrime", "ConsoleAppisPrime\ConsoleAppisPrime.csproj", "{D3F6AA3E-BB04-4C82-8ECE-6C971CC16DDB}"
EndProject
Project("{9A19103F-16F7-4668-BE54-9A1E7A4F7556}") = "ConsoleAppRegExpr", "ConsoleAppRegExpr\ConsoleAppRegExpr.csproj", "{413D3329-FAEC-4323-8E2E-1778740CD02D}"
EndProject
Project("{9A19103F-16F7-4668-BE54-9A1E7A4F7556}") = "ConsoleAppLinqDictionary", "ConsoleAppLinqDictionary\ConsoleAppLinqDictionary.csproj", "{E54FCF5F-6CAA-4009-95D5-5833A6341E8A}"
EndProject
Project("{9A19103F-16F7-4668-BE54-9A1E7A4F7556}") = "ConsoleAppRegExprMath", "ConsoleAppRegExprMath\ConsoleAppRegExprMath.csproj", "{8748572C-0704-4878-BC6D-75476089BE71}"
EndProject
Project("{9A19103F-16F7-4668-BE54-9A1E7A4F7556}") = "ConsoleAppNorthSouthEastWest", "ConsoleAppNorthSouthEastWest\ConsoleAppNorthSouthEastWest.csproj", "{AC0CD932-3B60-4AF5-AAE7-3D3A99998B29}"
EndProject
Project("{FAE04EC0-301F-11D3-BF4B-00C04F79EFBC}") = "ConsoleAppKataPower", "ConsoleAppKataPower\ConsoleAppKataPower.csproj", "{4334CDF3-36C1-4529-A4BA-77921EA61C1B}"
EndProject
Global
	GlobalSection(SolutionConfigurationPlatforms) = preSolution
		Debug|Any CPU = Debug|Any CPU
		Release|Any CPU = Release|Any CPU
	EndGlobalSection
	GlobalSection(ProjectConfigurationPlatforms) = postSolution
		{D1B4491D-26DE-4398-A370-E32CC4B71A12}.Debug|Any CPU.ActiveCfg = Debug|Any CPU
		{D1B4491D-26DE-4398-A370-E32CC4B71A12}.Debug|Any CPU.Build.0 = Debug|Any CPU
		{D1B4491D-26DE-4398-A370-E32CC4B71A12}.Release|Any CPU.ActiveCfg = Release|Any CPU
		{D1B4491D-26DE-4398-A370-E32CC4B71A12}.Release|Any CPU.Build.0 = Release|Any CPU
		{F8F2C212-0FAE-450C-A03A-BEBCB2695EA9}.Debug|Any CPU.ActiveCfg = Debug|Any CPU
		{F8F2C212-0FAE-450C-A03A-BEBCB2695EA9}.Debug|Any CPU.Build.0 = Debug|Any CPU
		{F8F2C212-0FAE-450C-A03A-BEBCB2695EA9}.Release|Any CPU.ActiveCfg = Release|Any CPU
		{F8F2C212-0FAE-450C-A03A-BEBCB2695EA9}.Release|Any CPU.Build.0 = Release|Any CPU
		{58E9C753-A4C0-4D79-82B3-6CFCD93A49DE}.Debug|Any CPU.ActiveCfg = Debug|Any CPU
		{58E9C753-A4C0-4D79-82B3-6CFCD93A49DE}.Debug|Any CPU.Build.0 = Debug|Any CPU
		{58E9C753-A4C0-4D79-82B3-6CFCD93A49DE}.Release|Any CPU.ActiveCfg = Release|Any CPU
		{58E9C753-A4C0-4D79-82B3-6CFCD93A49DE}.Release|Any CPU.Build.0 = Release|Any CPU
		{0F228F59-F9EC-4D28-942E-2841D1488248}.Debug|Any CPU.ActiveCfg = Debug|Any CPU
		{0F228F59-F9EC-4D28-942E-2841D1488248}.Debug|Any CPU.Build.0 = Debug|Any CPU
		{0F228F59-F9EC-4D28-942E-2841D1488248}.Release|Any CPU.ActiveCfg = Release|Any CPU
		{0F228F59-F9EC-4D28-942E-2841D1488248}.Release|Any CPU.Build.0 = Release|Any CPU
		{4FFD4E65-3399-4E95-B4B5-30FDC21A5D99}.Debug|Any CPU.ActiveCfg = Debug|Any CPU
		{4FFD4E65-3399-4E95-B4B5-30FDC21A5D99}.Debug|Any CPU.Build.0 = Debug|Any CPU
		{4FFD4E65-3399-4E95-B4B5-30FDC21A5D99}.Release|Any CPU.ActiveCfg = Release|Any CPU
		{4FFD4E65-3399-4E95-B4B5-30FDC21A5D99}.Release|Any CPU.Build.0 = Release|Any CPU
		{6651719D-67C9-4D46-A396-45E6B3317FE5}.Debug|Any CPU.ActiveCfg = Debug|Any CPU
		{6651719D-67C9-4D46-A396-45E6B3317FE5}.Debug|Any CPU.Build.0 = Debug|Any CPU
		{6651719D-67C9-4D46-A396-45E6B3317FE5}.Release|Any CPU.ActiveCfg = Release|Any CPU
		{6651719D-67C9-4D46-A396-45E6B3317FE5}.Release|Any CPU.Build.0 = Release|Any CPU
		{821CE0DF-A8FC-4361-AB1E-E33460BC267C}.Debug|Any CPU.ActiveCfg = Debug|Any CPU
		{821CE0DF-A8FC-4361-AB1E-E33460BC267C}.Debug|Any CPU.Build.0 = Debug|Any CPU
		{821CE0DF-A8FC-4361-AB1E-E33460BC267C}.Release|Any CPU.ActiveCfg = Release|Any CPU
		{821CE0DF-A8FC-4361-AB1E-E33460BC267C}.Release|Any CPU.Build.0 = Release|Any CPU
		{245B0D0C-D8C0-4008-9568-83639013EDA1}.Debug|Any CPU.ActiveCfg = Debug|Any CPU
		{245B0D0C-D8C0-4008-9568-83639013EDA1}.Debug|Any CPU.Build.0 = Debug|Any CPU
		{245B0D0C-D8C0-4008-9568-83639013EDA1}.Release|Any CPU.ActiveCfg = Release|Any CPU
		{245B0D0C-D8C0-4008-9568-83639013EDA1}.Release|Any CPU.Build.0 = Release|Any CPU
		{D3F6AA3E-BB04-4C82-8ECE-6C971CC16DDB}.Debug|Any CPU.ActiveCfg = Debug|Any CPU
		{D3F6AA3E-BB04-4C82-8ECE-6C971CC16DDB}.Debug|Any CPU.Build.0 = Debug|Any CPU
		{D3F6AA3E-BB04-4C82-8ECE-6C971CC16DDB}.Release|Any CPU.ActiveCfg = Release|Any CPU
		{D3F6AA3E-BB04-4C82-8ECE-6C971CC16DDB}.Release|Any CPU.Build.0 = Release|Any CPU
		{413D3329-FAEC-4323-8E2E-1778740CD02D}.Debug|Any CPU.ActiveCfg = Debug|Any CPU
		{413D3329-FAEC-4323-8E2E-1778740CD02D}.Debug|Any CPU.Build.0 = Debug|Any CPU
		{413D3329-FAEC-4323-8E2E-1778740CD02D}.Release|Any CPU.ActiveCfg = Release|Any CPU
		{413D3329-FAEC-4323-8E2E-1778740CD02D}.Release|Any CPU.Build.0 = Release|Any CPU
		{E54FCF5F-6CAA-4009-95D5-5833A6341E8A}.Debug|Any CPU.ActiveCfg = Debug|Any CPU
		{E54FCF5F-6CAA-4009-95D5-5833A6341E8A}.Debug|Any CPU.Build.0 = Debug|Any CPU
		{E54FCF5F-6CAA-4009-95D5-5833A6341E8A}.Release|Any CPU.ActiveCfg = Release|Any CPU
		{E54FCF5F-6CAA-4009-95D5-5833A6341E8A}.Release|Any CPU.Build.0 = Release|Any CPU
		{8748572C-0704-4878-BC6D-75476089BE71}.Debug|Any CPU.ActiveCfg = Debug|Any CPU
		{8748572C-0704-4878-BC6D-75476089BE71}.Debug|Any CPU.Build.0 = Debug|Any CPU
		{8748572C-0704-4878-BC6D-75476089BE71}.Release|Any CPU.ActiveCfg = Release|Any CPU
		{8748572C-0704-4878-BC6D-75476089BE71}.Release|Any CPU.Build.0 = Release|Any CPU
		{AC0CD932-3B60-4AF5-AAE7-3D3A99998B29}.Debug|Any CPU.ActiveCfg = Debug|Any CPU
		{AC0CD932-3B60-4AF5-AAE7-3D3A99998B29}.Debug|Any CPU.Build.0 = Debug|Any CPU
		{AC0CD932-3B60-4AF5-AAE7-3D3A99998B29}.Release|Any CPU.ActiveCfg = Release|Any CPU
		{AC0CD932-3B60-4AF5-AAE7-3D3A99998B29}.Release|Any CPU.Build.0 = Release|Any CPU
		{4334CDF3-36C1-4529-A4BA-77921EA61C1B}.Debug|Any CPU.ActiveCfg = Debug|Any CPU
		{4334CDF3-36C1-4529-A4BA-77921EA61C1B}.Debug|Any CPU.Build.0 = Debug|Any CPU
		{4334CDF3-36C1-4529-A4BA-77921EA61C1B}.Release|Any CPU.ActiveCfg = Release|Any CPU
		{4334CDF3-36C1-4529-A4BA-77921EA61C1B}.Release|Any CPU.Build.0 = Release|Any CPU
	EndGlobalSection
	GlobalSection(SolutionProperties) = preSolution
		HideSolutionNode = FALSE
	EndGlobalSection
	GlobalSection(ExtensibilityGlobals) = postSolution
		SolutionGuid = {E2664F79-97FE-4B74-B3B0-26BB27CCF8B9}
	EndGlobalSection
EndGlobal
